# THIS IS AN AUTOGENERATED FILE. DO NOT EDIT THIS FILE DIRECTLY.
# yarn lockfile v1


boto3@^0.0.1:
  version "0.0.1"
  resolved "https://registry.yarnpkg.com/boto3/-/boto3-0.0.1.tgz#a16441808017a620e3fd7dc9c500dca74a5eb33b"
  integrity sha512-IFT1HCaLUSzk//uM4++Lv65Rf/hT3GGjLWMkZvDuutPgV/uoWQFTpixfnWhOfWKFUFQxYeg0JbLfQ6PpQJBGYw==
